// !$*UTF8*$!
{
	archiveVersion = 1;
	classes = {
	};
	objectVersion = 56;
	objects = {

/* Begin PBXBuildFile section */
		15154C3D2983A36C007B7803 /* UnitTestDemoAppApp.swift in Sources */ = {isa = PBXBuildFile; fileRef = 15154C3C2983A36C007B7803 /* UnitTestDemoAppApp.swift */; };
		15154C3F2983A36C007B7803 /* ContentView.swift in Sources */ = {isa = PBXBuildFile; fileRef = 15154C3E2983A36C007B7803 /* ContentView.swift */; };
		15154C412983A372007B7803 /* Assets.xcassets in Resources */ = {isa = PBXBuildFile; fileRef = 15154C402983A372007B7803 /* Assets.xcassets */; };
		15154C442983A372007B7803 /* Preview Assets.xcassets in Resources */ = {isa = PBXBuildFile; fileRef = 15154C432983A372007B7803 /* Preview Assets.xcassets */; };
		15154C4B2983A3B5007B7803 /* ViewModel.swift in Sources */ = {isa = PBXBuildFile; fileRef = 15154C4A2983A3B5007B7803 /* ViewModel.swift */; };
		15154C4D2983A43A007B7803 /* Converters.swift in Sources */ = {isa = PBXBuildFile; fileRef = 15154C4C2983A43A007B7803 /* Converters.swift */; };
		15154C552983A605007B7803 /* ConvertersTests.swift in Sources */ = {isa = PBXBuildFile; fileRef = 15154C542983A605007B7803 /* ConvertersTests.swift */; };
		15154C5B2983A6DD007B7803 /* Converters.swift in Sources */ = {isa = PBXBuildFile; fileRef = 15154C4C2983A43A007B7803 /* Converters.swift */; };
/* End PBXBuildFile section */

/* Begin PBXContainerItemProxy section */
		15154C562983A605007B7803 /* PBXContainerItemProxy */ = {
			isa = PBXContainerItemProxy;
			containerPortal = 15154C312983A36C007B7803 /* Project object */;
			proxyType = 1;
			remoteGlobalIDString = 15154C382983A36C007B7803;
			remoteInfo = UnitTestDemoApp;
		};
/* End PBXContainerItemProxy section */

/* Begin PBXFileReference section */
		15154C392983A36C007B7803 /* UnitTestDemoApp.app */ = {isa = PBXFileReference; explicitFileType = wrapper.application; includeInIndex = 0; path = UnitTestDemoApp.app; sourceTree = BUILT_PRODUCTS_DIR; };
		15154C3C2983A36C007B7803 /* UnitTestDemoAppApp.swift */ = {isa = PBXFileReference; lastKnownFileType = sourcecode.swift; path = UnitTestDemoAppApp.swift; sourceTree = "<group>"; };
		15154C3E2983A36C007B7803 /* ContentView.swift */ = {isa = PBXFileReference; lastKnownFileType = sourcecode.swift; path = ContentView.swift; sourceTree = "<group>"; };
		15154C402983A372007B7803 /* Assets.xcassets */ = {isa = PBXFileReference; lastKnownFileType = folder.assetcatalog; path = Assets.xcassets; sourceTree = "<group>"; };
		15154C432983A372007B7803 /* Preview Assets.xcassets */ = {isa = PBXFileReference; lastKnownFileType = folder.assetcatalog; path = "Preview Assets.xcassets"; sourceTree = "<group>"; };
		15154C4A2983A3B5007B7803 /* ViewModel.swift */ = {isa = PBXFileReference; lastKnownFileType = sourcecode.swift; path = ViewModel.swift; sourceTree = "<group>"; };
		15154C4C2983A43A007B7803 /* Converters.swift */ = {isa = PBXFileReference; lastKnownFileType = sourcecode.swift; path = Converters.swift; sourceTree = "<group>"; };
		15154C522983A605007B7803 /* ConvertersTests.xctest */ = {isa = PBXFileReference; explicitFileType = wrapper.cfbundle; includeInIndex = 0; path = ConvertersTests.xctest; sourceTree = BUILT_PRODUCTS_DIR; };
		15154C542983A605007B7803 /* ConvertersTests.swift */ = {isa = PBXFileReference; lastKnownFileType = sourcecode.swift; path = ConvertersTests.swift; sourceTree = "<group>"; };
/* End PBXFileReference section */

/* Begin PBXFrameworksBuildPhase section */
		15154C362983A36C007B7803 /* Frameworks */ = {
			isa = PBXFrameworksBuildPhase;
			buildActionMask = 2147483647;
			files = (
			);
			runOnlyForDeploymentPostprocessing = 0;
		};
		15154C4F2983A605007B7803 /* Frameworks */ = {
			isa = PBXFrameworksBuildPhase;
			buildActionMask = 2147483647;
			files = (
			);
			runOnlyForDeploymentPostprocessing = 0;
		};
/* End PBXFrameworksBuildPhase section */

/* Begin PBXGroup section */
		15154C302983A36C007B7803 = {
			isa = PBXGroup;
			children = (
				15154C3B2983A36C007B7803 /* UnitTestDemoApp */,
				15154C532983A605007B7803 /* ConvertersTests */,
				15154C3A2983A36C007B7803 /* Products */,
			);
			sourceTree = "<group>";
		};
		15154C3A2983A36C007B7803 /* Products */ = {
			isa = PBXGroup;
			children = (
				15154C392983A36C007B7803 /* UnitTestDemoApp.app */,
				15154C522983A605007B7803 /* ConvertersTests.xctest */,
			);
			name = Products;
			sourceTree = "<group>";
		};
		15154C3B2983A36C007B7803 /* UnitTestDemoApp */ = {
			isa = PBXGroup;
			children = (
				15154C3C2983A36C007B7803 /* UnitTestDemoAppApp.swift */,
				15154C3E2983A36C007B7803 /* ContentView.swift */,
				15154C4A2983A3B5007B7803 /* ViewModel.swift */,
				15154C4C2983A43A007B7803 /* Converters.swift */,
				15154C402983A372007B7803 /* Assets.xcassets */,
				15154C422983A372007B7803 /* Preview Content */,
			);
			path = UnitTestDemoApp;
			sourceTree = "<group>";
		};
		15154C422983A372007B7803 /* Preview Content */ = {
			isa = PBXGroup;
			children = (
				15154C432983A372007B7803 /* Preview Assets.xcassets */,
			);
			path = "Preview Content";
			sourceTree = "<group>";
		};
		15154C532983A605007B7803 /* ConvertersTests */ = {
			isa = PBXGroup;
			children = (
				15154C542983A605007B7803 /* ConvertersTests.swift */,
			);
			path = ConvertersTests;
			sourceTree = "<group>";
		};
/* End PBXGroup section */

/* Begin PBXNativeTarget section */
		15154C382983A36C007B7803 /* UnitTestDemoApp */ = {
			isa = PBXNativeTarget;
			buildConfigurationList = 15154C472983A372007B7803 /* Build configuration list for PBXNativeTarget "UnitTestDemoApp" */;
			buildPhases = (
				15154C352983A36C007B7803 /* Sources */,
				15154C362983A36C007B7803 /* Frameworks */,
				15154C372983A36C007B7803 /* Resources */,
			);
			buildRules = (
			);
			dependencies = (
			);
			name = UnitTestDemoApp;
			productName = UnitTestDemoApp;
			productReference = 15154C392983A36C007B7803 /* UnitTestDemoApp.app */;
			productType = "com.apple.product-type.application";
		};
		15154C512983A605007B7803 /* ConvertersTests */ = {
			isa = PBXNativeTarget;
			buildConfigurationList = 15154C582983A605007B7803 /* Build configuration list for PBXNativeTarget "ConvertersTests" */;
			buildPhases = (
				15154C4E2983A605007B7803 /* Sources */,
				15154C4F2983A605007B7803 /* Frameworks */,
				15154C502983A605007B7803 /* Resources */,
			);
			buildRules = (
			);
			dependencies = (
				15154C572983A605007B7803 /* PBXTargetDependency */,
			);
			name = ConvertersTests;
			productName = ConvertersTests;
			productReference = 15154C522983A605007B7803 /* ConvertersTests.xctest */;
			productType = "com.apple.product-type.bundle.unit-test";
		};
/* End PBXNativeTarget section */

/* Begin PBXProject section */
		15154C312983A36C007B7803 /* Project object */ = {
			isa = PBXProject;
			attributes = {
				BuildIndependentTargetsInParallel = 1;
				LastSwiftUpdateCheck = 1420;
				LastUpgradeCheck = 1420;
				TargetAttributes = {
					15154C382983A36C007B7803 = {
						CreatedOnToolsVersion = 14.2;
					};
					15154C512983A605007B7803 = {
						CreatedOnToolsVersion = 14.2;
						TestTargetID = 15154C382983A36C007B7803;
					};
				};
			};
			buildConfigurationList = 15154C342983A36C007B7803 /* Build configuration list for PBXProject "UnitTestDemoApp" */;
			compatibilityVersion = "Xcode 14.0";
			developmentRegion = en;
			hasScannedForEncodings = 0;
			knownRegions = (
				en,
				Base,
			);
			mainGroup = 15154C302983A36C007B7803;
			productRefGroup = 15154C3A2983A36C007B7803 /* Products */;
			projectDirPath = "";
			projectRoot = "";
			targets = (
				15154C382983A36C007B7803 /* UnitTestDemoApp */,
				15154C512983A605007B7803 /* ConvertersTests */,
			);
		};
/* End PBXProject section */

/* Begin PBXResourcesBuildPhase section */
		15154C372983A36C007B7803 /* Resources */ = {
			isa = PBXResourcesBuildPhase;
			buildActionMask = 2147483647;
			files = (
				15154C442983A372007B7803 /* Preview Assets.xcassets in Resources */,
				15154C412983A372007B7803 /* Assets.xcassets in Resources */,
			);
			runOnlyForDeploymentPostprocessing = 0;
		};
		15154C502983A605007B7803 /* Resources */ = {
			isa = PBXResourcesBuildPhase;
			buildActionMask = 2147483647;
			files = (
			);
			runOnlyForDeploymentPostprocessing = 0;
		};
/* End PBXResourcesBuildPhase section */

/* Begin PBXSourcesBuildPhase section */
		15154C352983A36C007B7803 /* Sources */ = {
			isa = PBXSourcesBuildPhase;
			buildActionMask = 2147483647;
			files = (
				15154C3F2983A36C007B7803 /* ContentView.swift in Sources */,
				15154C4B2983A3B5007B7803 /* ViewModel.swift in Sources */,
				15154C4D2983A43A007B7803 /* Converters.swift in Sources */,
				15154C3D2983A36C007B7803 /* UnitTestDemoAppApp.swift in Sources */,
			);
			runOnlyForDeploymentPostprocessing = 0;
		};
		15154C4E2983A605007B7803 /* Sources */ = {
			isa = PBXSourcesBuildPhase;
			buildActionMask = 2147483647;
			files = (
				15154C5B2983A6DD007B7803 /* Converters.swift in Sources */,
				15154C552983A605007B7803 /* ConvertersTests.swift in Sources */,
			);
			runOnlyForDeploymentPostprocessing = 0;
		};
/* End PBXSourcesBuildPhase section */

/* Begin PBXTargetDependency section */
		15154C572983A605007B7803 /* PBXTargetDependency */ = {
			isa = PBXTargetDependency;
			target = 15154C382983A36C007B7803 /* UnitTestDemoApp */;
			targetProxy = 15154C562983A605007B7803 /* PBXContainerItemProxy */;
		};
/* End PBXTargetDependency section */

/* Begin XCBuildConfiguration section */
		15154C452983A372007B7803 /* Debug */ = {
			isa = XCBuildConfiguration;
			buildSettings = {
				ALWAYS_SEARCH_USER_PATHS = NO;
				CLANG_ANALYZER_NONNULL = YES;
				CLANG_ANALYZER_NUMBER_OBJECT_CONVERSION = YES_AGGRESSIVE;
				CLANG_CXX_LANGUAGE_STANDARD = "gnu++20";
				CLANG_ENABLE_MODULES = YES;
				CLANG_ENABLE_OBJC_ARC = YES;
				CLANG_ENABLE_OBJC_WEAK = YES;
				CLANG_WARN_BLOCK_CAPTURE_AUTORELEASING = YES;
				CLANG_WARN_BOOL_CONVERSION = YES;
				CLANG_WARN_COMMA = YES;
				CLANG_WARN_CONSTANT_CONVERSION = YES;
				CLANG_WARN_DEPRECATED_OBJC_IMPLEMENTATIONS = YES;
				CLANG_WARN_DIRECT_OBJC_ISA_USAGE = YES_ERROR;
				CLANG_WARN_DOCUMENTATION_COMMENTS = YES;
				CLANG_WARN_EMPTY_BODY = YES;
				CLANG_WARN_ENUM_CONVERSION = YES;
				CLANG_WARN_INFINITE_RECURSION = YES;
				CLANG_WARN_INT_CONVERSION = YES;
				CLANG_WARN_NON_LITERAL_NULL_CONVERSION = YES;
				CLANG_WARN_OBJC_IMPLICIT_RETAIN_SELF = YES;
				CLANG_WARN_OBJC_LITERAL_CONVERSION = YES;
				CLANG_WARN_OBJC_ROOT_CLASS = YES_ERROR;
				CLANG_WARN_QUOTED_INCLUDE_IN_FRAMEWORK_HEADER = YES;
				CLANG_WARN_RANGE_LOOP_ANALYSIS = YES;
				CLANG_WARN_STRICT_PROTOTYPES = YES;
				CLANG_WARN_SUSPICIOUS_MOVE = YES;
				CLANG_WARN_UNGUARDED_AVAILABILITY = YES_AGGRESSIVE;
				CLANG_WARN_UNREACHABLE_CODE = YES;
				CLANG_WARN__DUPLICATE_METHOD_MATCH = YES;
				COPY_PHASE_STRIP = NO;
				DEBUG_INFORMATION_FORMAT = dwarf;
				ENABLE_STRICT_OBJC_MSGSEND = YES;
				ENABLE_TESTABILITY = YES;
				GCC_C_LANGUAGE_STANDARD = gnu11;
				GCC_DYNAMIC_NO_PIC = NO;
				GCC_NO_COMMON_BLOCKS = YES;
				GCC_OPTIMIZATION_LEVEL = 0;
				GCC_PREPROCESSOR_DEFINITIONS = (
					"DEBUG=1",
					"$(inherited)",
				);
				GCC_WARN_64_TO_32_BIT_CONVERSION = YES;
				GCC_WARN_ABOUT_RETURN_TYPE = YES_ERROR;
				GCC_WARN_UNDECLARED_SELECTOR = YES;
				GCC_WARN_UNINITIALIZED_AUTOS = YES_AGGRESSIVE;
				GCC_WARN_UNUSED_FUNCTION = YES;
				GCC_WARN_UNUSED_VARIABLE = YES;
				IPHONEOS_DEPLOYMENT_TARGET = 16.2;
				MTL_ENABLE_DEBUG_INFO = INCLUDE_SOURCE;
				MTL_FAST_MATH = YES;
				ONLY_ACTIVE_ARCH = YES;
				SDKROOT = iphoneos;
				SWIFT_ACTIVE_COMPILATION_CONDITIONS = DEBUG;
				SWIFT_OPTIMIZATION_LEVEL = "-Onone";
			};
			name = Debug;
		};
		15154C462983A372007B7803 /* Release */ = {
			isa = XCBuildConfiguration;
			buildSettings = {
				ALWAYS_SEARCH_USER_PATHS = NO;
				CLANG_ANALYZER_NONNULL = YES;
				CLANG_ANALYZER_NUMBER_OBJECT_CONVERSION = YES_AGGRESSIVE;
				CLANG_CXX_LANGUAGE_STANDARD = "gnu++20";
				CLANG_ENABLE_MODULES = YES;
				CLANG_ENABLE_OBJC_ARC = YES;
				CLANG_ENABLE_OBJC_WEAK = YES;
				CLANG_WARN_BLOCK_CAPTURE_AUTORELEASING = YES;
				CLANG_WARN_BOOL_CONVERSION = YES;
				CLANG_WARN_COMMA = YES;
				CLANG_WARN_CONSTANT_CONVERSION = YES;
				CLANG_WARN_DEPRECATED_OBJC_IMPLEMENTATIONS = YES;
				CLANG_WARN_DIRECT_OBJC_ISA_USAGE = YES_ERROR;
				CLANG_WARN_DOCUMENTATION_COMMENTS = YES;
				CLANG_WARN_EMPTY_BODY = YES;
				CLANG_WARN_ENUM_CONVERSION = YES;
				CLANG_WARN_INFINITE_RECURSION = YES;
				CLANG_WARN_INT_CONVERSION = YES;
				CLANG_WARN_NON_LITERAL_NULL_CONVERSION = YES;
				CLANG_WARN_OBJC_IMPLICIT_RETAIN_SELF = YES;
				CLANG_WARN_OBJC_LITERAL_CONVERSION = YES;
				CLANG_WARN_OBJC_ROOT_CLASS = YES_ERROR;
				CLANG_WARN_QUOTED_INCLUDE_IN_FRAMEWORK_HEADER = YES;
				CLANG_WARN_RANGE_LOOP_ANALYSIS = YES;
				CLANG_WARN_STRICT_PROTOTYPES = YES;
				CLANG_WARN_SUSPICIOUS_MOVE = YES;
				CLANG_WARN_UNGUARDED_AVAILABILITY = YES_AGGRESSIVE;
				CLANG_WARN_UNREACHABLE_CODE = YES;
				CLANG_WARN__DUPLICATE_METHOD_MATCH = YES;
				COPY_PHASE_STRIP = NO;
				DEBUG_INFORMATION_FORMAT = "dwarf-with-dsym";
				ENABLE_NS_ASSERTIONS = NO;
				ENABLE_STRICT_OBJC_MSGSEND = YES;
				GCC_C_LANGUAGE_STANDARD = gnu11;
				GCC_NO_COMMON_BLOCKS = YES;
				GCC_WARN_64_TO_32_BIT_CONVERSION = YES;
				GCC_WARN_ABOUT_RETURN_TYPE = YES_ERROR;
				GCC_WARN_UNDECLARED_SELECTOR = YES;
				GCC_WARN_UNINITIALIZED_AUTOS = YES_AGGRESSIVE;
				GCC_WARN_UNUSED_FUNCTION = YES;
				GCC_WARN_UNUSED_VARIABLE = YES;
				IPHONEOS_DEPLOYMENT_TARGET = 16.2;
				MTL_ENABLE_DEBUG_INFO = NO;
				MTL_FAST_MATH = YES;
				SDKROOT = iphoneos;
				SWIFT_COMPILATION_MODE = wholemodule;
				SWIFT_OPTIMIZATION_LEVEL = "-O";
				VALIDATE_PRODUCT = YES;
			};
			name = Release;
		};
		15154C482983A372007B7803 /* Debug */ = {
			isa = XCBuildConfiguration;
			buildSettings = {
				ASSETCATALOG_COMPILER_APPICON_NAME = AppIcon;
				ASSETCATALOG_COMPILER_GLOBAL_ACCENT_COLOR_NAME = AccentColor;
				CODE_SIGN_STYLE = Automatic;
				CURRENT_PROJECT_VERSION = 1;
				DEVELOPMENT_ASSET_PATHS = "\"UnitTestDemoApp/Preview Content\"";
				DEVELOPMENT_TEAM = 3X884PBRG2;
				ENABLE_PREVIEWS = YES;
				GENERATE_INFOPLIST_FILE = YES;
				INFOPLIST_KEY_UIApplicationSceneManifest_Generation = YES;
				INFOPLIST_KEY_UIApplicationSupportsIndirectInputEvents = YES;
				INFOPLIST_KEY_UILaunchScreen_Generation = YES;
				INFOPLIST_KEY_UISupportedInterfaceOrientations_iPad = "UIInterfaceOrientationPortrait UIInterfaceOrientationPortraitUpsideDown UIInterfaceOrientationLandscapeLeft UIInterfaceOrientationLandscapeRight";
				INFOPLIST_KEY_UISupportedInterfaceOrientations_iPhone = "UIInterfaceOrientationPortrait UIInterfaceOrientationLandscapeLeft UIInterfaceOrientationLandscapeRight";
				LD_RUNPATH_SEARCH_PATHS = (
					"$(inherited)",
					"@executable_path/Frameworks",
				);
				MARKETING_VERSION = 1.0;
				PRODUCT_BUNDLE_IDENTIFIER = com.karlis.UnitTestDemoApp;
				PRODUCT_NAME = "$(TARGET_NAME)";
				SWIFT_EMIT_LOC_STRINGS = YES;
				SWIFT_VERSION = 5.0;
				TARGETED_DEVICE_FAMILY = "1,2";
			};
			name = Debug;
		};
		15154C492983A372007B7803 /* Release */ = {
			isa = XCBuildConfiguration;
			buildSettings = {
				ASSETCATALOG_COMPILER_APPICON_NAME = AppIcon;
				ASSETCATALOG_COMPILER_GLOBAL_ACCENT_COLOR_NAME = AccentColor;
				CODE_SIGN_STYLE = Automatic;
				CURRENT_PROJECT_VERSION = 1;
				DEVELOPMENT_ASSET_PATHS = "\"UnitTestDemoApp/Preview Content\"";
				DEVELOPMENT_TEAM = 3X884PBRG2;
				ENABLE_PREVIEWS = YES;
				GENERATE_INFOPLIST_FILE = YES;
				INFOPLIST_KEY_UIApplicationSceneManifest_Generation = YES;
				INFOPLIST_KEY_UIApplicationSupportsIndirectInputEvents = YES;
				INFOPLIST_KEY_UILaunchScreen_Generation = YES;
				INFOPLIST_KEY_UISupportedInterfaceOrientations_iPad = "UIInterfaceOrientationPortrait UIInterfaceOrientationPortraitUpsideDown UIInterfaceOrientationLandscapeLeft UIInterfaceOrientationLandscapeRight";
				INFOPLIST_KEY_UISupportedInterfaceOrientations_iPhone = "UIInterfaceOrientationPortrait UIInterfaceOrientationLandscapeLeft UIInterfaceOrientationLandscapeRight";
				LD_RUNPATH_SEARCH_PATHS = (
					"$(inherited)",
					"@executable_path/Frameworks",
				);
				MARKETING_VERSION = 1.0;
				PRODUCT_BUNDLE_IDENTIFIER = com.karlis.UnitTestDemoApp;
				PRODUCT_NAME = "$(TARGET_NAME)";
				SWIFT_EMIT_LOC_STRINGS = YES;
				SWIFT_VERSION = 5.0;
				TARGETED_DEVICE_FAMILY = "1,2";
			};
			name = Release;
		};
		15154C592983A605007B7803 /* Debug */ = {
			isa = XCBuildConfiguration;
			buildSettings = {
				BUNDLE_LOADER = "$(TEST_HOST)";
				CODE_SIGN_STYLE = Automatic;
				CURRENT_PROJECT_VERSION = 1;
				DEVELOPMENT_TEAM = 3X884PBRG2;
				GENERATE_INFOPLIST_FILE = YES;
				MARKETING_VERSION = 1.0;
				PRODUCT_BUNDLE_IDENTIFIER = com.karlis.ConvertersTests;
				PRODUCT_NAME = "$(TARGET_NAME)";
				SWIFT_EMIT_LOC_STRINGS = NO;
				SWIFT_VERSION = 5.0;
				TARGETED_DEVICE_FAMILY = "1,2";
				TEST_HOST = "$(BUILT_PRODUCTS_DIR)/UnitTestDemoApp.app/$(BUNDLE_EXECUTABLE_FOLDER_PATH)/UnitTestDemoApp";
			};
			name = Debug;
		};
		15154C5A2983A605007B7803 /* Release */ = {
			isa = XCBuildConfiguration;
			buildSettings = {
				BUNDLE_LOADER = "$(TEST_HOST)";
				CODE_SIGN_STYLE = Automatic;
				CURRENT_PROJECT_VERSION = 1;
				DEVELOPMENT_TEAM = 3X884PBRG2;
				GENERATE_INFOPLIST_FILE = YES;
				MARKETING_VERSION = 1.0;
				PRODUCT_BUNDLE_IDENTIFIER = com.karlis.ConvertersTests;
				PRODUCT_NAME = "$(TARGET_NAME)";
				SWIFT_EMIT_LOC_STRINGS = NO;
				SWIFT_VERSION = 5.0;
				TARGETED_DEVICE_FAMILY = "1,2";
				TEST_HOST = "$(BUILT_PRODUCTS_DIR)/UnitTestDemoApp.app/$(BUNDLE_EXECUTABLE_FOLDER_PATH)/UnitTestDemoApp";
			};
			name = Release;
		};
/* End XCBuildConfiguration section */

/* Begin XCConfigurationList section */
		15154C342983A36C007B7803 /* Build configuration list for PBXProject "UnitTestDemoApp" */ = {
			isa = XCConfigurationList;
			buildConfigurations = (
				15154C452983A372007B7803 /* Debug */,
				15154C462983A372007B7803 /* Release */,
			);
			defaultConfigurationIsVisible = 0;
			defaultConfigurationName = Release;
		};
		15154C472983A372007B7803 /* Build configuration list for PBXNativeTarget "UnitTestDemoApp" */ = {
			isa = XCConfigurationList;
			buildConfigurations = (
				15154C482983A372007B7803 /* Debug */,
				15154C492983A372007B7803 /* Release */,
			);
			defaultConfigurationIsVisible = 0;
			defaultConfigurationName = Release;
		};
		15154C582983A605007B7803 /* Build configuration list for PBXNativeTarget "ConvertersTests" */ = {
			isa = XCConfigurationList;
			buildConfigurations = (
				15154C592983A605007B7803 /* Debug */,
				15154C5A2983A605007B7803 /* Release */,
			);
			defaultConfigurationIsVisible = 0;
			defaultConfigurationName = Release;
		};
/* End XCConfigurationList section */
	};
	rootObject = 15154C312983A36C007B7803 /* Project object */;
}
